
Microsoft Visual Studio Solution File, Format Version 12.00
# Visual Studio Version 17
VisualStudioVersion = 17.2.32630.192
MinimumVisualStudioVersion = 10.0.40219.1
Project("{9A19103F-16F7-4668-BE54-9A1E7A4F7556}") = "StreamGlass", "StreamGlass.csproj", "{C3C1F99A-AF09-42AA-A8EF-FA8838F269D8}"
EndProject
Project("{9A19103F-16F7-4668-BE54-9A1E7A4F7556}") = "Quicksand", "..\..\Quicksand\Quicksand\Quicksand.csproj", "{53A15939-6B5D-4279-9F55-81B78CCDD3FD}"
EndProject
Project("{9A19103F-16F7-4668-BE54-9A1E7A4F7556}") = "StreamChemistry", "..\StreamChemistry\StreamChemistry.csproj", "{AEEC1EBD-50DB-4A7B-8123-72F66AD815FC}"
EndProject
Project("{9A19103F-16F7-4668-BE54-9A1E7A4F7556}") = "CorpseLib", "..\..\CorpseLib\CorpseLib\CorpseLib.csproj", "{429C7EC7-ACDD-4911-A7EB-6573A2DE6014}"
EndProject
Project("{9A19103F-16F7-4668-BE54-9A1E7A4F7556}") = "CorpseLib.Web", "..\..\CorpseLib\CorpseLib.Web\CorpseLib.Web.csproj", "{1C20E1A5-BFF8-43B2-AC8C-90DD4DC29197}"
EndProject
Project("{9A19103F-16F7-4668-BE54-9A1E7A4F7556}") = "TwitchCorpse", "..\..\CorpseLib\TwitchCorpse\TwitchCorpse.csproj", "{DE5F2668-6742-4A94-8DC7-B78224C4C44B}"
EndProject
Project("{2150E333-8FDC-42A3-9474-1A3956D46DE8}") = "Corpse Libraries", "Corpse Libraries", "{912FB481-93CA-4488-8605-1BF9B782FFBA}"
EndProject
Project("{9A19103F-16F7-4668-BE54-9A1E7A4F7556}") = "OBSCorpse", "..\..\CorpseLib\OBSCorpse\OBSCorpse.csproj", "{91A219D9-1679-4955-8827-34B75AFEE468}"
EndProject
Global
	GlobalSection(SolutionConfigurationPlatforms) = preSolution
		Debug|Any CPU = Debug|Any CPU
		Release|Any CPU = Release|Any CPU
	EndGlobalSection
	GlobalSection(ProjectConfigurationPlatforms) = postSolution
		{C3C1F99A-AF09-42AA-A8EF-FA8838F269D8}.Debug|Any CPU.ActiveCfg = Debug|Any CPU
		{C3C1F99A-AF09-42AA-A8EF-FA8838F269D8}.Debug|Any CPU.Build.0 = Debug|Any CPU
		{C3C1F99A-AF09-42AA-A8EF-FA8838F269D8}.Release|Any CPU.ActiveCfg = Release|Any CPU
		{C3C1F99A-AF09-42AA-A8EF-FA8838F269D8}.Release|Any CPU.Build.0 = Release|Any CPU
		{53A15939-6B5D-4279-9F55-81B78CCDD3FD}.Debug|Any CPU.ActiveCfg = Debug|Any CPU
		{53A15939-6B5D-4279-9F55-81B78CCDD3FD}.Debug|Any CPU.Build.0 = Debug|Any CPU
		{53A15939-6B5D-4279-9F55-81B78CCDD3FD}.Release|Any CPU.ActiveCfg = Release|Any CPU
		{53A15939-6B5D-4279-9F55-81B78CCDD3FD}.Release|Any CPU.Build.0 = Release|Any CPU
		{AEEC1EBD-50DB-4A7B-8123-72F66AD815FC}.Debug|Any CPU.ActiveCfg = Debug|Any CPU
		{AEEC1EBD-50DB-4A7B-8123-72F66AD815FC}.Debug|Any CPU.Build.0 = Debug|Any CPU
		{AEEC1EBD-50DB-4A7B-8123-72F66AD815FC}.Release|Any CPU.ActiveCfg = Release|Any CPU
		{AEEC1EBD-50DB-4A7B-8123-72F66AD815FC}.Release|Any CPU.Build.0 = Release|Any CPU
		{429C7EC7-ACDD-4911-A7EB-6573A2DE6014}.Debug|Any CPU.ActiveCfg = Debug|Any CPU
		{429C7EC7-ACDD-4911-A7EB-6573A2DE6014}.Debug|Any CPU.Build.0 = Debug|Any CPU
		{429C7EC7-ACDD-4911-A7EB-6573A2DE6014}.Release|Any CPU.ActiveCfg = Release|Any CPU
		{429C7EC7-ACDD-4911-A7EB-6573A2DE6014}.Release|Any CPU.Build.0 = Release|Any CPU
		{1C20E1A5-BFF8-43B2-AC8C-90DD4DC29197}.Debug|Any CPU.ActiveCfg = Debug|Any CPU
		{1C20E1A5-BFF8-43B2-AC8C-90DD4DC29197}.Debug|Any CPU.Build.0 = Debug|Any CPU
		{1C20E1A5-BFF8-43B2-AC8C-90DD4DC29197}.Release|Any CPU.ActiveCfg = Release|Any CPU
		{1C20E1A5-BFF8-43B2-AC8C-90DD4DC29197}.Release|Any CPU.Build.0 = Release|Any CPU
		{DE5F2668-6742-4A94-8DC7-B78224C4C44B}.Debug|Any CPU.ActiveCfg = Debug|Any CPU
		{DE5F2668-6742-4A94-8DC7-B78224C4C44B}.Debug|Any CPU.Build.0 = Debug|Any CPU
		{DE5F2668-6742-4A94-8DC7-B78224C4C44B}.Release|Any CPU.ActiveCfg = Release|Any CPU
		{DE5F2668-6742-4A94-8DC7-B78224C4C44B}.Release|Any CPU.Build.0 = Release|Any CPU
		{91A219D9-1679-4955-8827-34B75AFEE468}.Debug|Any CPU.ActiveCfg = Debug|Any CPU
		{91A219D9-1679-4955-8827-34B75AFEE468}.Debug|Any CPU.Build.0 = Debug|Any CPU
		{91A219D9-1679-4955-8827-34B75AFEE468}.Release|Any CPU.ActiveCfg = Release|Any CPU
		{91A219D9-1679-4955-8827-34B75AFEE468}.Release|Any CPU.Build.0 = Release|Any CPU
	EndGlobalSection
	GlobalSection(SolutionProperties) = preSolution
		HideSolutionNode = FALSE
	EndGlobalSection
	GlobalSection(NestedProjects) = preSolution
		{429C7EC7-ACDD-4911-A7EB-6573A2DE6014} = {912FB481-93CA-4488-8605-1BF9B782FFBA}
		{1C20E1A5-BFF8-43B2-AC8C-90DD4DC29197} = {912FB481-93CA-4488-8605-1BF9B782FFBA}
		{DE5F2668-6742-4A94-8DC7-B78224C4C44B} = {912FB481-93CA-4488-8605-1BF9B782FFBA}
		{91A219D9-1679-4955-8827-34B75AFEE468} = {912FB481-93CA-4488-8605-1BF9B782FFBA}
	EndGlobalSection
	GlobalSection(ExtensibilityGlobals) = postSolution
		SolutionGuid = {CE07077C-4761-4C73-9886-2A9F1488C1F3}
	EndGlobalSection
EndGlobal
